// !$*UTF8*$!
{
	archiveVersion = 1;
	classes = {
	};
	objectVersion = 46;
	objects = {

/* Begin PBXAggregateTarget section */
		5B756493BCFC42D49BF10D57 /* install */ = {
			isa = PBXAggregateTarget;
			buildConfigurationList = A3AFBBD0BD9C428D9D50B915 /* Build configuration list for PBXAggregateTarget "install" */;
			buildPhases = (
				93426DA6A4AC2C2AC9CE883C /* CMake PostBuild Rules */,
			);
			dependencies = (
				C5A456635EB14ECDAA7DA983 /* PBXTargetDependency */,
			);
			name = install;
			productName = install;
		};
		7E2F3FA0C4BD43948AA9891B /* ALL_BUILD */ = {
			isa = PBXAggregateTarget;
			buildConfigurationList = 51A2C4093DC145F4855D3F93 /* Build configuration list for PBXAggregateTarget "ALL_BUILD" */;
			buildPhases = (
				E8FF720D6796F10DACA36420 /* Generate CMakeFiles/ALL_BUILD */,
			);
			dependencies = (
				FE556E32B6274BFEA71B9A62 /* PBXTargetDependency */,
			);
			name = ALL_BUILD;
			productName = ALL_BUILD;
		};
		D61D6236334C4380B0A96DC2 /* ZERO_CHECK */ = {
			isa = PBXAggregateTarget;
			buildConfigurationList = B11D2EA060264D2DBD5E001E /* Build configuration list for PBXAggregateTarget "ZERO_CHECK" */;
			buildPhases = (
				B8BC4C5E5AAAE594A90A82FB /* Generate CMakeFiles/ZERO_CHECK */,
			);
			dependencies = (
			);
			name = ZERO_CHECK;
			productName = ZERO_CHECK;
		};
/* End PBXAggregateTarget section */

/* Begin PBXBuildStyle section */
		38D5F0DBE44E4076B63ADC81 /* RelWithDebInfo */ = {
			isa = PBXBuildStyle;
			buildSettings = {
				COPY_PHASE_STRIP = NO;
			};
			name = RelWithDebInfo;
		};
		78796261BA0D47AEA2A8B6D3 /* Debug */ = {
			isa = PBXBuildStyle;
			buildSettings = {
				COPY_PHASE_STRIP = NO;
			};
			name = Debug;
		};
		7AD234465D2C4750ADF95540 /* Release */ = {
			isa = PBXBuildStyle;
			buildSettings = {
				COPY_PHASE_STRIP = NO;
			};
			name = Release;
		};
		BFA1B8775136466DA89066F1 /* MinSizeRel */ = {
			isa = PBXBuildStyle;
			buildSettings = {
				COPY_PHASE_STRIP = NO;
			};
			name = MinSizeRel;
		};
/* End PBXBuildStyle section */

/* Begin PBXContainerItemProxy section */
		6471979758F34972B14D2FC5 /* PBXContainerItemProxy */ = {
			isa = PBXContainerItemProxy;
			containerPortal = E9A0B233CE224668BA696108 /* Project object */;
			proxyType = 1;
			remoteGlobalIDString = D61D6236334C4380B0A96DC2;
			remoteInfo = ZERO_CHECK;
		};
		744D999451E448BAAF4EEBC8 /* PBXContainerItemProxy */ = {
			isa = PBXContainerItemProxy;
			containerPortal = E9A0B233CE224668BA696108 /* Project object */;
			proxyType = 1;
			remoteGlobalIDString = 7E2F3FA0C4BD43948AA9891B;
			remoteInfo = ALL_BUILD;
		};
/* End PBXContainerItemProxy section */

/* Begin PBXFileReference section */
		CAF5B6A819AF4215817944BB /* /Users/edwardgallyot/JUCE/CMakeLists.txt */ = {isa = PBXFileReference; explicitFileType = sourcecode.text; fileEncoding = 4; name = CMakeLists.txt; path = CMakeLists.txt; sourceTree = SOURCE_ROOT; };
/* End PBXFileReference section */

/* Begin PBXGroup section */
		0DF406DC1BD641C982291A3C = {
			isa = PBXGroup;
			children = (
				4A50A4EB43A64B64AAF355F3 /* ALL_BUILD */,
				45C4E8DB5C25485A8DF15972 /* Products */,
				D66DB11541184C8EB7A73406 /* Frameworks */,
			);
			sourceTree = "<group>";
		};
		45C4E8DB5C25485A8DF15972 /* Products */ = {
			isa = PBXGroup;
			children = (
			);
			name = Products;
			sourceTree = "<group>";
		};
		4A50A4EB43A64B64AAF355F3 /* ALL_BUILD */ = {
			isa = PBXGroup;
			children = (
				75EFD6D18ED54D5FBE2940FB /* CMake Rules */,
				CAF5B6A819AF4215817944BB /* /Users/edwardgallyot/JUCE/CMakeLists.txt */,
			);
			name = ALL_BUILD;
			sourceTree = "<group>";
		};
		75EFD6D18ED54D5FBE2940FB /* CMake Rules */ = {
			isa = PBXGroup;
			children = (
			);
			name = "CMake Rules";
			sourceTree = "<group>";
		};
		D66DB11541184C8EB7A73406 /* Frameworks */ = {
			isa = PBXGroup;
			children = (
			);
			name = Frameworks;
			sourceTree = "<group>";
		};
/* End PBXGroup section */

/* Begin PBXProject section */
		E9A0B233CE224668BA696108 /* Project object */ = {
			isa = PBXProject;
			attributes = {
				BuildIndependentTargetsInParallel = YES;
				LastUpgradeCheck = 1230;
			};
			buildConfigurationList = DBB7E81F0E52457BB491E3C6 /* Build configuration list for PBXProject "JUCE" */;
			buildSettings = {
			};
			buildStyles = (
				78796261BA0D47AEA2A8B6D3 /* Debug */,
				7AD234465D2C4750ADF95540 /* Release */,
				BFA1B8775136466DA89066F1 /* MinSizeRel */,
				38D5F0DBE44E4076B63ADC81 /* RelWithDebInfo */,
			);
			compatibilityVersion = "Xcode 3.2";
			hasScannedForEncodings = 0;
			mainGroup = 0DF406DC1BD641C982291A3C;
			projectDirPath = /Users/edwardgallyot/JUCE;
			projectRoot = "";
			targets = (
				7E2F3FA0C4BD43948AA9891B /* ALL_BUILD */,
				D61D6236334C4380B0A96DC2 /* ZERO_CHECK */,
				5B756493BCFC42D49BF10D57 /* install */,
			);
		};
/* End PBXProject section */

/* Begin PBXShellScriptBuildPhase section */
		3C0110FC8322DE7E50886E21 = {
			isa = PBXShellScriptBuildPhase;
			buildActionMask = 2147483647;
			files = (
			);
			inputPaths = (
			);
			outputPaths = (
			);
			runOnlyForDeploymentPostprocessing = 0;
			shellPath = /bin/sh;
			shellScript = "# shell script goes here
exit 0";
			showEnvVarsInLog = 0;
		};
		87AF4882E018677E2624B544 = {
			isa = PBXShellScriptBuildPhase;
			buildActionMask = 2147483647;
			files = (
			);
			inputPaths = (
			);
			outputPaths = (
			);
			runOnlyForDeploymentPostprocessing = 0;
			shellPath = /bin/sh;
			shellScript = "# shell script goes here
exit 0";
			showEnvVarsInLog = 0;
		};
		93426DA6A4AC2C2AC9CE883C /* CMake PostBuild Rules */ = {
			isa = PBXShellScriptBuildPhase;
			alwaysOutOfDate = 1;
			buildActionMask = 2147483647;
			files = (
			);
			name = "CMake PostBuild Rules";
			outputPaths = (
			);
			runOnlyForDeploymentPostprocessing = 0;
			shellPath = /bin/sh;
			shellScript = "set -e
if test \"$CONFIGURATION\" = \"Debug\"; then :
  cd /Users/edwardgallyot/JUCE_CMake_Projects/Ed_Midi_Test/xcode-build/[/Users/edwardgallyot/JUCE]
  /usr/local/Cellar/cmake/3.19.7/bin/cmake -DBUILD_TYPE=$CONFIGURATION$EFFECTIVE_PLATFORM_NAME -P cmake_install.cmake
fi
if test \"$CONFIGURATION\" = \"Release\"; then :
  cd /Users/edwardgallyot/JUCE_CMake_Projects/Ed_Midi_Test/xcode-build/[/Users/edwardgallyot/JUCE]
  /usr/local/Cellar/cmake/3.19.7/bin/cmake -DBUILD_TYPE=$CONFIGURATION$EFFECTIVE_PLATFORM_NAME -P cmake_install.cmake
fi
if test \"$CONFIGURATION\" = \"MinSizeRel\"; then :
  cd /Users/edwardgallyot/JUCE_CMake_Projects/Ed_Midi_Test/xcode-build/[/Users/edwardgallyot/JUCE]
  /usr/local/Cellar/cmake/3.19.7/bin/cmake -DBUILD_TYPE=$CONFIGURATION$EFFECTIVE_PLATFORM_NAME -P cmake_install.cmake
fi
if test \"$CONFIGURATION\" = \"RelWithDebInfo\"; then :
  cd /Users/edwardgallyot/JUCE_CMake_Projects/Ed_Midi_Test/xcode-build/[/Users/edwardgallyot/JUCE]
  /usr/local/Cellar/cmake/3.19.7/bin/cmake -DBUILD_TYPE=$CONFIGURATION$EFFECTIVE_PLATFORM_NAME -P cmake_install.cmake
fi
";
			showEnvVarsInLog = 0;
		};
		9B50530E35CC49C82C2FACCF = {
			isa = PBXShellScriptBuildPhase;
			buildActionMask = 2147483647;
			files = (
			);
			inputPaths = (
			);
			outputPaths = (
			);
			runOnlyForDeploymentPostprocessing = 0;
			shellPath = /bin/sh;
			shellScript = "# shell script goes here
exit 0";
			showEnvVarsInLog = 0;
		};
		B8BC4C5E5AAAE594A90A82FB /* Generate CMakeFiles/ZERO_CHECK */ = {
			isa = PBXShellScriptBuildPhase;
			alwaysOutOfDate = 1;
			buildActionMask = 2147483647;
			files = (
			);
			inputPaths = (
			);
			name = "Generate CMakeFiles/ZERO_CHECK";
			outputPaths = (
"/Users/edwardgallyot/JUCE_CMake_Projects/Ed_Midi_Test/xcode-build/[/Users/edwardgallyot/JUCE]/CMakeFiles/ZERO_CHECK"			);
			runOnlyForDeploymentPostprocessing = 0;
			shellPath = /bin/sh;
			shellScript = "set -e
if test \"$CONFIGURATION\" = \"Debug\"; then :
  cd /Users/edwardgallyot/JUCE_CMake_Projects/Ed_Midi_Test/xcode-build/[/Users/edwardgallyot/JUCE]
  make -f /Users/edwardgallyot/JUCE_CMake_Projects/Ed_Midi_Test/xcode-build/[/Users/edwardgallyot/JUCE]/CMakeScripts/ReRunCMake.make
fi
if test \"$CONFIGURATION\" = \"Release\"; then :
  cd /Users/edwardgallyot/JUCE_CMake_Projects/Ed_Midi_Test/xcode-build/[/Users/edwardgallyot/JUCE]
  make -f /Users/edwardgallyot/JUCE_CMake_Projects/Ed_Midi_Test/xcode-build/[/Users/edwardgallyot/JUCE]/CMakeScripts/ReRunCMake.make
fi
if test \"$CONFIGURATION\" = \"MinSizeRel\"; then :
  cd /Users/edwardgallyot/JUCE_CMake_Projects/Ed_Midi_Test/xcode-build/[/Users/edwardgallyot/JUCE]
  make -f /Users/edwardgallyot/JUCE_CMake_Projects/Ed_Midi_Test/xcode-build/[/Users/edwardgallyot/JUCE]/CMakeScripts/ReRunCMake.make
fi
if test \"$CONFIGURATION\" = \"RelWithDebInfo\"; then :
  cd /Users/edwardgallyot/JUCE_CMake_Projects/Ed_Midi_Test/xcode-build/[/Users/edwardgallyot/JUCE]
  make -f /Users/edwardgallyot/JUCE_CMake_Projects/Ed_Midi_Test/xcode-build/[/Users/edwardgallyot/JUCE]/CMakeScripts/ReRunCMake.make
fi
";
			showEnvVarsInLog = 0;
		};
		E8FF720D6796F10DACA36420 /* Generate CMakeFiles/ALL_BUILD */ = {
			isa = PBXShellScriptBuildPhase;
			alwaysOutOfDate = 1;
			buildActionMask = 2147483647;
			files = (
			);
			inputPaths = (
			);
			name = "Generate CMakeFiles/ALL_BUILD";
			outputPaths = (
"/Users/edwardgallyot/JUCE_CMake_Projects/Ed_Midi_Test/xcode-build/[/Users/edwardgallyot/JUCE]/CMakeFiles/ALL_BUILD"			);
			runOnlyForDeploymentPostprocessing = 0;
			shellPath = /bin/sh;
			shellScript = "set -e
if test \"$CONFIGURATION\" = \"Debug\"; then :
  cd /Users/edwardgallyot/JUCE_CMake_Projects/Ed_Midi_Test/xcode-build/[/Users/edwardgallyot/JUCE]
  echo Build\\ all\\ projects
fi
if test \"$CONFIGURATION\" = \"Release\"; then :
  cd /Users/edwardgallyot/JUCE_CMake_Projects/Ed_Midi_Test/xcode-build/[/Users/edwardgallyot/JUCE]
  echo Build\\ all\\ projects
fi
if test \"$CONFIGURATION\" = \"MinSizeRel\"; then :
  cd /Users/edwardgallyot/JUCE_CMake_Projects/Ed_Midi_Test/xcode-build/[/Users/edwardgallyot/JUCE]
  echo Build\\ all\\ projects
fi
if test \"$CONFIGURATION\" = \"RelWithDebInfo\"; then :
  cd /Users/edwardgallyot/JUCE_CMake_Projects/Ed_Midi_Test/xcode-build/[/Users/edwardgallyot/JUCE]
  echo Build\\ all\\ projects
fi
";
			showEnvVarsInLog = 0;
		};
/* End PBXShellScriptBuildPhase section */

/* Begin PBXTargetDependency section */
		C5A456635EB14ECDAA7DA983 /* PBXTargetDependency */ = {
			isa = PBXTargetDependency;
			target = 7E2F3FA0C4BD43948AA9891B /* ALL_BUILD */;
			targetProxy = 744D999451E448BAAF4EEBC8 /* PBXContainerItemProxy */;
		};
		FE556E32B6274BFEA71B9A62 /* PBXTargetDependency */ = {
			isa = PBXTargetDependency;
			target = D61D6236334C4380B0A96DC2 /* ZERO_CHECK */;
			targetProxy = 6471979758F34972B14D2FC5 /* PBXContainerItemProxy */;
		};
/* End PBXTargetDependency section */

/* Begin XCBuildConfiguration section */
		00098E5DB9964F26AB8E6CE0 /* RelWithDebInfo */ = {
			isa = XCBuildConfiguration;
			buildSettings = {
				COMBINE_HIDPI_IMAGES = YES;
				GCC_GENERATE_DEBUGGING_SYMBOLS = YES;
				GCC_INLINES_ARE_PRIVATE_EXTERN = NO;
				GCC_OPTIMIZATION_LEVEL = 0;
				GCC_PREPROCESSOR_DEFINITIONS = ("'CMAKE_INTDIR=\"$(CONFIGURATION)$(EFFECTIVE_PLATFORM_NAME)\"'");
				GCC_SYMBOLS_PRIVATE_EXTERN = NO;
				INSTALL_PATH = "";
				OTHER_LDFLAGS = ("");
				OTHER_REZFLAGS = "";
				PRODUCT_NAME = ALL_BUILD;
				SECTORDER_FLAGS = "";
				SYMROOT = "/Users/edwardgallyot/JUCE_CMake_Projects/Ed_Midi_Test/xcode-build/[/Users/edwardgallyot/JUCE]";
				USE_HEADERMAP = NO;
				WARNING_CFLAGS = ("$(inherited)");
			};
			name = RelWithDebInfo;
		};
		3680E41BFBF84222A4282DCA /* Debug */ = {
			isa = XCBuildConfiguration;
			buildSettings = {
				COMBINE_HIDPI_IMAGES = YES;
				GCC_GENERATE_DEBUGGING_SYMBOLS = YES;
				GCC_INLINES_ARE_PRIVATE_EXTERN = NO;
				GCC_OPTIMIZATION_LEVEL = 0;
				GCC_PREPROCESSOR_DEFINITIONS = ("'CMAKE_INTDIR=\"$(CONFIGURATION)$(EFFECTIVE_PLATFORM_NAME)\"'");
				GCC_SYMBOLS_PRIVATE_EXTERN = NO;
				INSTALL_PATH = "";
				OTHER_LDFLAGS = ("");
				OTHER_REZFLAGS = "";
				PRODUCT_NAME = ZERO_CHECK;
				SECTORDER_FLAGS = "";
				SYMROOT = "/Users/edwardgallyot/JUCE_CMake_Projects/Ed_Midi_Test/xcode-build/[/Users/edwardgallyot/JUCE]";
				USE_HEADERMAP = NO;
				WARNING_CFLAGS = ("$(inherited)");
			};
			name = Debug;
		};
		3957878021EF48B6AD7E9FA0 /* MinSizeRel */ = {
			isa = XCBuildConfiguration;
			buildSettings = {
				COMBINE_HIDPI_IMAGES = YES;
				GCC_GENERATE_DEBUGGING_SYMBOLS = YES;
				GCC_INLINES_ARE_PRIVATE_EXTERN = NO;
				GCC_OPTIMIZATION_LEVEL = 0;
				GCC_PREPROCESSOR_DEFINITIONS = ("'CMAKE_INTDIR=\"$(CONFIGURATION)$(EFFECTIVE_PLATFORM_NAME)\"'");
				GCC_SYMBOLS_PRIVATE_EXTERN = NO;
				INSTALL_PATH = "";
				OTHER_LDFLAGS = ("");
				OTHER_REZFLAGS = "";
				PRODUCT_NAME = ZERO_CHECK;
				SECTORDER_FLAGS = "";
				SYMROOT = "/Users/edwardgallyot/JUCE_CMake_Projects/Ed_Midi_Test/xcode-build/[/Users/edwardgallyot/JUCE]";
				USE_HEADERMAP = NO;
				WARNING_CFLAGS = ("$(inherited)");
			};
			name = MinSizeRel;
		};
		539A341643EE4EBA9689C237 /* Release */ = {
			isa = XCBuildConfiguration;
			buildSettings = {
				ARCHS = "$(NATIVE_ARCH_ACTUAL)";
				MACOSX_DEPLOYMENT_TARGET = 10.15;
				ONLY_ACTIVE_ARCH = YES;
				SDKROOT = /Library/Developer/CommandLineTools/SDKs/MacOSX11.1.sdk;
				SYMROOT = "/Users/edwardgallyot/JUCE_CMake_Projects/Ed_Midi_Test/xcode-build/[/Users/edwardgallyot/JUCE]/build";
			};
			name = Release;
		};
		8D0544FB6D7A4B378C24283A /* Release */ = {
			isa = XCBuildConfiguration;
			buildSettings = {
				COMBINE_HIDPI_IMAGES = YES;
				GCC_GENERATE_DEBUGGING_SYMBOLS = YES;
				GCC_INLINES_ARE_PRIVATE_EXTERN = NO;
				GCC_OPTIMIZATION_LEVEL = 0;
				GCC_PREPROCESSOR_DEFINITIONS = ("'CMAKE_INTDIR=\"$(CONFIGURATION)$(EFFECTIVE_PLATFORM_NAME)\"'");
				GCC_SYMBOLS_PRIVATE_EXTERN = NO;
				INSTALL_PATH = "";
				OTHER_LDFLAGS = ("");
				OTHER_REZFLAGS = "";
				PRODUCT_NAME = install;
				SECTORDER_FLAGS = "";
				SYMROOT = "/Users/edwardgallyot/JUCE_CMake_Projects/Ed_Midi_Test/xcode-build/[/Users/edwardgallyot/JUCE]";
				USE_HEADERMAP = NO;
				WARNING_CFLAGS = ("$(inherited)");
			};
			name = Release;
		};
		99CBF31039C6432A8196DEA6 /* Debug */ = {
			isa = XCBuildConfiguration;
			buildSettings = {
				COMBINE_HIDPI_IMAGES = YES;
				GCC_GENERATE_DEBUGGING_SYMBOLS = YES;
				GCC_INLINES_ARE_PRIVATE_EXTERN = NO;
				GCC_OPTIMIZATION_LEVEL = 0;
				GCC_PREPROCESSOR_DEFINITIONS = ("'CMAKE_INTDIR=\"$(CONFIGURATION)$(EFFECTIVE_PLATFORM_NAME)\"'");
				GCC_SYMBOLS_PRIVATE_EXTERN = NO;
				INSTALL_PATH = "";
				OTHER_LDFLAGS = ("");
				OTHER_REZFLAGS = "";
				PRODUCT_NAME = install;
				SECTORDER_FLAGS = "";
				SYMROOT = "/Users/edwardgallyot/JUCE_CMake_Projects/Ed_Midi_Test/xcode-build/[/Users/edwardgallyot/JUCE]";
				USE_HEADERMAP = NO;
				WARNING_CFLAGS = ("$(inherited)");
			};
			name = Debug;
		};
		ABA8751C761D45D8B219E0ED /* RelWithDebInfo */ = {
			isa = XCBuildConfiguration;
			buildSettings = {
				ARCHS = "$(NATIVE_ARCH_ACTUAL)";
				MACOSX_DEPLOYMENT_TARGET = 10.15;
				ONLY_ACTIVE_ARCH = YES;
				SDKROOT = /Library/Developer/CommandLineTools/SDKs/MacOSX11.1.sdk;
				SYMROOT = "/Users/edwardgallyot/JUCE_CMake_Projects/Ed_Midi_Test/xcode-build/[/Users/edwardgallyot/JUCE]/build";
			};
			name = RelWithDebInfo;
		};
		C3F1748940AA49A499FD5661 /* RelWithDebInfo */ = {
			isa = XCBuildConfiguration;
			buildSettings = {
				COMBINE_HIDPI_IMAGES = YES;
				GCC_GENERATE_DEBUGGING_SYMBOLS = YES;
				GCC_INLINES_ARE_PRIVATE_EXTERN = NO;
				GCC_OPTIMIZATION_LEVEL = 0;
				GCC_PREPROCESSOR_DEFINITIONS = ("'CMAKE_INTDIR=\"$(CONFIGURATION)$(EFFECTIVE_PLATFORM_NAME)\"'");
				GCC_SYMBOLS_PRIVATE_EXTERN = NO;
				INSTALL_PATH = "";
				OTHER_LDFLAGS = ("");
				OTHER_REZFLAGS = "";
				PRODUCT_NAME = ZERO_CHECK;
				SECTORDER_FLAGS = "";
				SYMROOT = "/Users/edwardgallyot/JUCE_CMake_Projects/Ed_Midi_Test/xcode-build/[/Users/edwardgallyot/JUCE]";
				USE_HEADERMAP = NO;
				WARNING_CFLAGS = ("$(inherited)");
			};
			name = RelWithDebInfo;
		};
		D288C4F421DC430A9BE14C02 /* MinSizeRel */ = {
			isa = XCBuildConfiguration;
			buildSettings = {
				ARCHS = "$(NATIVE_ARCH_ACTUAL)";
				MACOSX_DEPLOYMENT_TARGET = 10.15;
				ONLY_ACTIVE_ARCH = YES;
				SDKROOT = /Library/Developer/CommandLineTools/SDKs/MacOSX11.1.sdk;
				SYMROOT = "/Users/edwardgallyot/JUCE_CMake_Projects/Ed_Midi_Test/xcode-build/[/Users/edwardgallyot/JUCE]/build";
			};
			name = MinSizeRel;
		};
		D98535A0DA654791B3D4F3FA /* Debug */ = {
			isa = XCBuildConfiguration;
			buildSettings = {
				COMBINE_HIDPI_IMAGES = YES;
				GCC_GENERATE_DEBUGGING_SYMBOLS = YES;
				GCC_INLINES_ARE_PRIVATE_EXTERN = NO;
				GCC_OPTIMIZATION_LEVEL = 0;
				GCC_PREPROCESSOR_DEFINITIONS = ("'CMAKE_INTDIR=\"$(CONFIGURATION)$(EFFECTIVE_PLATFORM_NAME)\"'");
				GCC_SYMBOLS_PRIVATE_EXTERN = NO;
				INSTALL_PATH = "";
				OTHER_LDFLAGS = ("");
				OTHER_REZFLAGS = "";
				PRODUCT_NAME = ALL_BUILD;
				SECTORDER_FLAGS = "";
				SYMROOT = "/Users/edwardgallyot/JUCE_CMake_Projects/Ed_Midi_Test/xcode-build/[/Users/edwardgallyot/JUCE]";
				USE_HEADERMAP = NO;
				WARNING_CFLAGS = ("$(inherited)");
			};
			name = Debug;
		};
		DFD288AB70C64BEAABFE0A9A /* Release */ = {
			isa = XCBuildConfiguration;
			buildSettings = {
				COMBINE_HIDPI_IMAGES = YES;
				GCC_GENERATE_DEBUGGING_SYMBOLS = YES;
				GCC_INLINES_ARE_PRIVATE_EXTERN = NO;
				GCC_OPTIMIZATION_LEVEL = 0;
				GCC_PREPROCESSOR_DEFINITIONS = ("'CMAKE_INTDIR=\"$(CONFIGURATION)$(EFFECTIVE_PLATFORM_NAME)\"'");
				GCC_SYMBOLS_PRIVATE_EXTERN = NO;
				INSTALL_PATH = "";
				OTHER_LDFLAGS = ("");
				OTHER_REZFLAGS = "";
				PRODUCT_NAME = ZERO_CHECK;
				SECTORDER_FLAGS = "";
				SYMROOT = "/Users/edwardgallyot/JUCE_CMake_Projects/Ed_Midi_Test/xcode-build/[/Users/edwardgallyot/JUCE]";
				USE_HEADERMAP = NO;
				WARNING_CFLAGS = ("$(inherited)");
			};
			name = Release;
		};
		DFEC4CC190DF40E8923A3125 /* Release */ = {
			isa = XCBuildConfiguration;
			buildSettings = {
				COMBINE_HIDPI_IMAGES = YES;
				GCC_GENERATE_DEBUGGING_SYMBOLS = YES;
				GCC_INLINES_ARE_PRIVATE_EXTERN = NO;
				GCC_OPTIMIZATION_LEVEL = 0;
				GCC_PREPROCESSOR_DEFINITIONS = ("'CMAKE_INTDIR=\"$(CONFIGURATION)$(EFFECTIVE_PLATFORM_NAME)\"'");
				GCC_SYMBOLS_PRIVATE_EXTERN = NO;
				INSTALL_PATH = "";
				OTHER_LDFLAGS = ("");
				OTHER_REZFLAGS = "";
				PRODUCT_NAME = ALL_BUILD;
				SECTORDER_FLAGS = "";
				SYMROOT = "/Users/edwardgallyot/JUCE_CMake_Projects/Ed_Midi_Test/xcode-build/[/Users/edwardgallyot/JUCE]";
				USE_HEADERMAP = NO;
				WARNING_CFLAGS = ("$(inherited)");
			};
			name = Release;
		};
		E17960A616C84B7FB67E54ED /* MinSizeRel */ = {
			isa = XCBuildConfiguration;
			buildSettings = {
				COMBINE_HIDPI_IMAGES = YES;
				GCC_GENERATE_DEBUGGING_SYMBOLS = YES;
				GCC_INLINES_ARE_PRIVATE_EXTERN = NO;
				GCC_OPTIMIZATION_LEVEL = 0;
				GCC_PREPROCESSOR_DEFINITIONS = ("'CMAKE_INTDIR=\"$(CONFIGURATION)$(EFFECTIVE_PLATFORM_NAME)\"'");
				GCC_SYMBOLS_PRIVATE_EXTERN = NO;
				INSTALL_PATH = "";
				OTHER_LDFLAGS = ("");
				OTHER_REZFLAGS = "";
				PRODUCT_NAME = ALL_BUILD;
				SECTORDER_FLAGS = "";
				SYMROOT = "/Users/edwardgallyot/JUCE_CMake_Projects/Ed_Midi_Test/xcode-build/[/Users/edwardgallyot/JUCE]";
				USE_HEADERMAP = NO;
				WARNING_CFLAGS = ("$(inherited)");
			};
			name = MinSizeRel;
		};
		EBEE02A4C5754E10BCBD268D /* MinSizeRel */ = {
			isa = XCBuildConfiguration;
			buildSettings = {
				COMBINE_HIDPI_IMAGES = YES;
				GCC_GENERATE_DEBUGGING_SYMBOLS = YES;
				GCC_INLINES_ARE_PRIVATE_EXTERN = NO;
				GCC_OPTIMIZATION_LEVEL = 0;
				GCC_PREPROCESSOR_DEFINITIONS = ("'CMAKE_INTDIR=\"$(CONFIGURATION)$(EFFECTIVE_PLATFORM_NAME)\"'");
				GCC_SYMBOLS_PRIVATE_EXTERN = NO;
				INSTALL_PATH = "";
				OTHER_LDFLAGS = ("");
				OTHER_REZFLAGS = "";
				PRODUCT_NAME = install;
				SECTORDER_FLAGS = "";
				SYMROOT = "/Users/edwardgallyot/JUCE_CMake_Projects/Ed_Midi_Test/xcode-build/[/Users/edwardgallyot/JUCE]";
				USE_HEADERMAP = NO;
				WARNING_CFLAGS = ("$(inherited)");
			};
			name = MinSizeRel;
		};
		F2FED647552547579005D8AC /* RelWithDebInfo */ = {
			isa = XCBuildConfiguration;
			buildSettings = {
				COMBINE_HIDPI_IMAGES = YES;
				GCC_GENERATE_DEBUGGING_SYMBOLS = YES;
				GCC_INLINES_ARE_PRIVATE_EXTERN = NO;
				GCC_OPTIMIZATION_LEVEL = 0;
				GCC_PREPROCESSOR_DEFINITIONS = ("'CMAKE_INTDIR=\"$(CONFIGURATION)$(EFFECTIVE_PLATFORM_NAME)\"'");
				GCC_SYMBOLS_PRIVATE_EXTERN = NO;
				INSTALL_PATH = "";
				OTHER_LDFLAGS = ("");
				OTHER_REZFLAGS = "";
				PRODUCT_NAME = install;
				SECTORDER_FLAGS = "";
				SYMROOT = "/Users/edwardgallyot/JUCE_CMake_Projects/Ed_Midi_Test/xcode-build/[/Users/edwardgallyot/JUCE]";
				USE_HEADERMAP = NO;
				WARNING_CFLAGS = ("$(inherited)");
			};
			name = RelWithDebInfo;
		};
		FE28B4F906D647EAB404E23B /* Debug */ = {
			isa = XCBuildConfiguration;
			buildSettings = {
				ARCHS = "$(NATIVE_ARCH_ACTUAL)";
				MACOSX_DEPLOYMENT_TARGET = 10.15;
				ONLY_ACTIVE_ARCH = YES;
				SDKROOT = /Library/Developer/CommandLineTools/SDKs/MacOSX11.1.sdk;
				SYMROOT = "/Users/edwardgallyot/JUCE_CMake_Projects/Ed_Midi_Test/xcode-build/[/Users/edwardgallyot/JUCE]/build";
			};
			name = Debug;
		};
/* End XCBuildConfiguration section */

/* Begin XCConfigurationList section */
		51A2C4093DC145F4855D3F93 /* Build configuration list for PBXAggregateTarget "ALL_BUILD" */ = {
			isa = XCConfigurationList;
			buildConfigurations = (
				D98535A0DA654791B3D4F3FA /* Debug */,
				DFEC4CC190DF40E8923A3125 /* Release */,
				E17960A616C84B7FB67E54ED /* MinSizeRel */,
				00098E5DB9964F26AB8E6CE0 /* RelWithDebInfo */,
			);
			defaultConfigurationIsVisible = 0;
			defaultConfigurationName = Debug;
		};
		A3AFBBD0BD9C428D9D50B915 /* Build configuration list for PBXAggregateTarget "install" */ = {
			isa = XCConfigurationList;
			buildConfigurations = (
				99CBF31039C6432A8196DEA6 /* Debug */,
				8D0544FB6D7A4B378C24283A /* Release */,
				EBEE02A4C5754E10BCBD268D /* MinSizeRel */,
				F2FED647552547579005D8AC /* RelWithDebInfo */,
			);
			defaultConfigurationIsVisible = 0;
			defaultConfigurationName = Debug;
		};
		B11D2EA060264D2DBD5E001E /* Build configuration list for PBXAggregateTarget "ZERO_CHECK" */ = {
			isa = XCConfigurationList;
			buildConfigurations = (
				3680E41BFBF84222A4282DCA /* Debug */,
				DFD288AB70C64BEAABFE0A9A /* Release */,
				3957878021EF48B6AD7E9FA0 /* MinSizeRel */,
				C3F1748940AA49A499FD5661 /* RelWithDebInfo */,
			);
			defaultConfigurationIsVisible = 0;
			defaultConfigurationName = Debug;
		};
		DBB7E81F0E52457BB491E3C6 /* Build configuration list for PBXProject "JUCE" */ = {
			isa = XCConfigurationList;
			buildConfigurations = (
				FE28B4F906D647EAB404E23B /* Debug */,
				539A341643EE4EBA9689C237 /* Release */,
				D288C4F421DC430A9BE14C02 /* MinSizeRel */,
				ABA8751C761D45D8B219E0ED /* RelWithDebInfo */,
			);
			defaultConfigurationIsVisible = 0;
			defaultConfigurationName = Debug;
		};
/* End XCConfigurationList section */
	};
	rootObject = E9A0B233CE224668BA696108 /* Project object */;
}
